
Microsoft Visual Studio Solution File, Format Version 12.00
Project("{FAE04EC0-301F-11D3-BF4B-00C04F79EFBC}") = "api", "api\api.csproj", "{689AE486-0A80-4523-A1D3-FD4CD1563979}"
EndProject
Project("{FAE04EC0-301F-11D3-BF4B-00C04F79EFBC}") = "api.tests", "api.tests\api.tests.csproj", "{A3E22E50-B3CE-4556-B702-55505287A0D3}"
EndProject
Global
	GlobalSection(SolutionConfigurationPlatforms) = preSolution
		Debug|Any CPU = Debug|Any CPU
		Release|Any CPU = Release|Any CPU
	EndGlobalSection
	GlobalSection(ProjectConfigurationPlatforms) = postSolution
		{689AE486-0A80-4523-A1D3-FD4CD1563979}.Debug|Any CPU.ActiveCfg = Debug|Any CPU
		{689AE486-0A80-4523-A1D3-FD4CD1563979}.Debug|Any CPU.Build.0 = Debug|Any CPU
		{689AE486-0A80-4523-A1D3-FD4CD1563979}.Release|Any CPU.ActiveCfg = Release|Any CPU
		{689AE486-0A80-4523-A1D3-FD4CD1563979}.Release|Any CPU.Build.0 = Release|Any CPU
		{A3E22E50-B3CE-4556-B702-55505287A0D3}.Debug|Any CPU.ActiveCfg = Debug|Any CPU
		{A3E22E50-B3CE-4556-B702-55505287A0D3}.Debug|Any CPU.Build.0 = Debug|Any CPU
		{A3E22E50-B3CE-4556-B702-55505287A0D3}.Release|Any CPU.ActiveCfg = Release|Any CPU
		{A3E22E50-B3CE-4556-B702-55505287A0D3}.Release|Any CPU.Build.0 = Release|Any CPU
	EndGlobalSection
EndGlobal
