
Microsoft Visual Studio Solution File, Format Version 12.00
# Visual Studio Version 17
VisualStudioVersion = 17.0.32014.148
MinimumVisualStudioVersion = 10.0.40219.1
Project("{FAE04EC0-301F-11D3-BF4B-00C04F79EFBC}") = "CSSDProject", "CSSDProject\CSSDProject.csproj", "{01F72597-5187-4512-B82D-89049AAE6F10}"
EndProject
Global
	GlobalSection(SolutionConfigurationPlatforms) = preSolution
		Debug|Any CPU = Debug|Any CPU
		Release|Any CPU = Release|Any CPU
	EndGlobalSection
	GlobalSection(ProjectConfigurationPlatforms) = postSolution
		{01F72597-5187-4512-B82D-89049AAE6F10}.Debug|Any CPU.ActiveCfg = Debug|Any CPU
		{01F72597-5187-4512-B82D-89049AAE6F10}.Debug|Any CPU.Build.0 = Debug|Any CPU
		{01F72597-5187-4512-B82D-89049AAE6F10}.Release|Any CPU.ActiveCfg = Release|Any CPU
		{01F72597-5187-4512-B82D-89049AAE6F10}.Release|Any CPU.Build.0 = Release|Any CPU
	EndGlobalSection
	GlobalSection(SolutionProperties) = preSolution
		HideSolutionNode = FALSE
	EndGlobalSection
	GlobalSection(ExtensibilityGlobals) = postSolution
		SolutionGuid = {FFE5A185-3226-4C9F-BD78-8D04737B5C0A}
	EndGlobalSection
EndGlobal
